
Microsoft Visual Studio Solution File, Format Version 12.00
# Visual Studio Version 17
VisualStudioVersion = 17.8.34330.188
MinimumVisualStudioVersion = 10.0.40219.1
Project("{2150E333-8FDC-42A3-9474-1A3956D46DE8}") = "FrontEnd", "FrontEnd", "{34B024FC-4E8A-40E8-A310-CD60D28867C2}"
EndProject
Project("{2150E333-8FDC-42A3-9474-1A3956D46DE8}") = "Gateway", "Gateway", "{072FCCEB-62B3-47C3-9E58-67E2016D0B52}"
EndProject
Project("{2150E333-8FDC-42A3-9474-1A3956D46DE8}") = "Integration", "Integration", "{8E436E24-2DBC-4709-8A9C-DFB41CCEDCFA}"
EndProject
Project("{2150E333-8FDC-42A3-9474-1A3956D46DE8}") = "Services", "Services", "{1E2A2E57-8885-419E-A492-0B94E5CF6068}"
EndProject
Project("{FAE04EC0-301F-11D3-BF4B-00C04F79EFBC}") = "Mango.Services.CouponAPI", "Mango.Services.CouponAPI\Mango.Services.CouponAPI.csproj", "{7900D106-D7E7-4754-9F7F-ADB5935A6426}"
EndProject
Global
	GlobalSection(SolutionConfigurationPlatforms) = preSolution
		Debug|Any CPU = Debug|Any CPU
		Release|Any CPU = Release|Any CPU
	EndGlobalSection
	GlobalSection(ProjectConfigurationPlatforms) = postSolution
		{7900D106-D7E7-4754-9F7F-ADB5935A6426}.Debug|Any CPU.ActiveCfg = Debug|Any CPU
		{7900D106-D7E7-4754-9F7F-ADB5935A6426}.Debug|Any CPU.Build.0 = Debug|Any CPU
		{7900D106-D7E7-4754-9F7F-ADB5935A6426}.Release|Any CPU.ActiveCfg = Release|Any CPU
		{7900D106-D7E7-4754-9F7F-ADB5935A6426}.Release|Any CPU.Build.0 = Release|Any CPU
	EndGlobalSection
	GlobalSection(SolutionProperties) = preSolution
		HideSolutionNode = FALSE
	EndGlobalSection
	GlobalSection(NestedProjects) = preSolution
		{7900D106-D7E7-4754-9F7F-ADB5935A6426} = {1E2A2E57-8885-419E-A492-0B94E5CF6068}
	EndGlobalSection
	GlobalSection(ExtensibilityGlobals) = postSolution
		SolutionGuid = {6022935A-F221-4BA4-B55A-47A80E540988}
	EndGlobalSection
EndGlobal
